{
  "name": "vpn",
  "version": "1.0.0",
  "lockfileVersion": 1,
  "requires": true,
  "dependencies": {
    "bluebird": {
      "version": "3.7.2",
      "resolved": "https://registry.npmjs.org/bluebird/-/bluebird-3.7.2.tgz",
      "integrity": "sha512-XpNj6GDQzdfW+r2Wnn7xiSAd7TM3jzkxGXBGTtWKuSXv1xUV+azxAm8jdWZN06QTQk+2N2XB9jRDkvbmQmcRtg==",
      "dev": true
    },
    "dotenv": {
      "version": "8.2.0",
      "resolved": "https://registry.npmjs.org/dotenv/-/dotenv-8.2.0.tgz",
      "integrity": "sha512-8sJ78ElpbDJBHNeBzUbUVLsqKdccaa/BXF1uPTw3GrvQTBgrQrtObr2mUrE38vzYd8cEv+m/JBfDLioYcfXoaw==",
      "dev": true
    },
    "lodash": {
      "version": "4.17.15",
      "resolved": "https://registry.npmjs.org/lodash/-/lodash-4.17.15.tgz",
      "integrity": "sha512-8xOcRHvCjnocdS5cpwXQXVzmmh5e5+saE2QGoeQmbKmRS6J3VQppPOIt0MnmE+4xlZoumy0GPG0D0MVIQbNA1A==",
      "dev": true
    },
    "moment": {
      "version": "2.24.0",
      "resolved": "https://registry.npmjs.org/moment/-/moment-2.24.0.tgz",
      "integrity": "sha512-bV7f+6l2QigeBBZSM/6yTNq4P2fNpSWj/0e7jQcy87A8e7o2nAfP/34/2ky5Vw4B9S446EtIhodAzkFCcR4dQg==",
      "dev": true
    },
    "node-openvpn": {
      "version": "0.1.1",
      "resolved": "https://registry.npmjs.org/node-openvpn/-/node-openvpn-0.1.1.tgz",
      "integrity": "sha512-ndk054AYCHqncltJ0++d4FqP1GANe48Arwv1fiu82+Ywdr+scvb0QlCvUjWiJwWm98Vq19tpzsZFTaIZAW/k3w==",
      "dev": true,
      "requires": {
        "bluebird": "^3.5.2",
        "lodash": "^4.17.11",
        "moment": "^2.22.2",
        "telnet-client": "github:VPNht/node-telnet-client"
      }
    },
    "openvpn-client": {
      "version": "0.0.2",
      "resolved": "https://registry.npmjs.org/openvpn-client/-/openvpn-client-0.0.2.tgz",
      "integrity": "sha1-nJzAZxsfcYglxpLj5KMm1QGYsvw=",
      "dev": true,
      "requires": {
        "bluebird": "^2.9.30",
        "tmp": "0.0.26"
      },
      "dependencies": {
        "bluebird": {
          "version": "2.11.0",
          "resolved": "https://registry.npmjs.org/bluebird/-/bluebird-2.11.0.tgz",
          "integrity": "sha1-U0uQM8AiyVecVro7Plpcqvu2UOE=",
          "dev": true
        }
      }
    },
    "os-tmpdir": {
      "version": "1.0.2",
      "resolved": "https://registry.npmjs.org/os-tmpdir/-/os-tmpdir-1.0.2.tgz",
      "integrity": "sha1-u+Z0BseaqFxc/sdm/lc0VV36EnQ=",
      "dev": true
    },
    "telnet-client": {
      "version": "github:VPNht/node-telnet-client#fd45812836728efef816749d5c4d19fbf9adc279",
      "from": "github:VPNht/node-telnet-client",
      "dev": true
    },
    "tmp": {
      "version": "0.0.26",
      "resolved": "https://registry.npmjs.org/tmp/-/tmp-0.0.26.tgz",
      "integrity": "sha1-nvqCDOKhD4H4l5VVus4/FVJs4fI=",
      "dev": true,
      "requires": {
        "os-tmpdir": "~1.0.0"
      }
    }
  }
}
